
Microsoft Visual Studio Solution File, Format Version 12.00
# Visual Studio Version 16
VisualStudioVersion = 16.0.30717.126
MinimumVisualStudioVersion = 10.0.40219.1
Project("{9A19103F-16F7-4668-BE54-9A1E7A4F7556}") = "HomeTask1", "HomeTask1\HomeTask1.csproj", "{4A80E08B-0EDE-4CB3-9CD0-681F95A54AE0}"
EndProject
Project("{9A19103F-16F7-4668-BE54-9A1E7A4F7556}") = "HomeTask2", "HomeTask2\HomeTask2.csproj", "{F146B55A-257A-463C-91AC-8A6926EA1CCF}"
EndProject
Global
	GlobalSection(SolutionConfigurationPlatforms) = preSolution
		Debug|Any CPU = Debug|Any CPU
		Release|Any CPU = Release|Any CPU
	EndGlobalSection
	GlobalSection(ProjectConfigurationPlatforms) = postSolution
		{4A80E08B-0EDE-4CB3-9CD0-681F95A54AE0}.Debug|Any CPU.ActiveCfg = Debug|Any CPU
		{4A80E08B-0EDE-4CB3-9CD0-681F95A54AE0}.Debug|Any CPU.Build.0 = Debug|Any CPU
		{4A80E08B-0EDE-4CB3-9CD0-681F95A54AE0}.Release|Any CPU.ActiveCfg = Release|Any CPU
		{4A80E08B-0EDE-4CB3-9CD0-681F95A54AE0}.Release|Any CPU.Build.0 = Release|Any CPU
		{F146B55A-257A-463C-91AC-8A6926EA1CCF}.Debug|Any CPU.ActiveCfg = Debug|Any CPU
		{F146B55A-257A-463C-91AC-8A6926EA1CCF}.Debug|Any CPU.Build.0 = Debug|Any CPU
		{F146B55A-257A-463C-91AC-8A6926EA1CCF}.Release|Any CPU.ActiveCfg = Release|Any CPU
		{F146B55A-257A-463C-91AC-8A6926EA1CCF}.Release|Any CPU.Build.0 = Release|Any CPU
	EndGlobalSection
	GlobalSection(SolutionProperties) = preSolution
		HideSolutionNode = FALSE
	EndGlobalSection
	GlobalSection(ExtensibilityGlobals) = postSolution
		SolutionGuid = {2D905E49-C9A6-4480-B42E-30A7E00BC272}
	EndGlobalSection
EndGlobal
